
Microsoft Visual Studio Solution File, Format Version 12.00
# Visual Studio 15
VisualStudioVersion = 15.0.27703.2018
MinimumVisualStudioVersion = 10.0.40219.1
Project("{8BC9CEB8-8B4A-11D0-8D11-00A0C91BC942}") = "LSGL", "LSGL\LSGL.vcxproj", "{FE8A0DEA-86A5-44AC-BE74-EAE16F9587C5}"
EndProject
Global
	GlobalSection(SolutionConfigurationPlatforms) = preSolution
		Debug|x64 = Debug|x64
		Debug|x86 = Debug|x86
		Release|x64 = Release|x64
		Release|x86 = Release|x86
	EndGlobalSection
	GlobalSection(ProjectConfigurationPlatforms) = postSolution
		{FE8A0DEA-86A5-44AC-BE74-EAE16F9587C5}.Debug|x64.ActiveCfg = Debug|x64
		{FE8A0DEA-86A5-44AC-BE74-EAE16F9587C5}.Debug|x64.Build.0 = Debug|x64
		{FE8A0DEA-86A5-44AC-BE74-EAE16F9587C5}.Debug|x86.ActiveCfg = Debug|Win32
		{FE8A0DEA-86A5-44AC-BE74-EAE16F9587C5}.Debug|x86.Build.0 = Debug|Win32
		{FE8A0DEA-86A5-44AC-BE74-EAE16F9587C5}.Release|x64.ActiveCfg = Release|x64
		{FE8A0DEA-86A5-44AC-BE74-EAE16F9587C5}.Release|x64.Build.0 = Release|x64
		{FE8A0DEA-86A5-44AC-BE74-EAE16F9587C5}.Release|x86.ActiveCfg = Release|Win32
		{FE8A0DEA-86A5-44AC-BE74-EAE16F9587C5}.Release|x86.Build.0 = Release|Win32
	EndGlobalSection
	GlobalSection(SolutionProperties) = preSolution
		HideSolutionNode = FALSE
	EndGlobalSection
	GlobalSection(ExtensibilityGlobals) = postSolution
		SolutionGuid = {F858A807-6A27-4F4F-8591-2087F512A86B}
	EndGlobalSection
EndGlobal
